
Microsoft Visual Studio Solution File, Format Version 12.00
# Visual Studio 15
VisualStudioVersion = 15.0.26730.16
MinimumVisualStudioVersion = 10.0.40219.1
Project("{FAE04EC0-301F-11D3-BF4B-00C04F79EFBC}") = "OGLTest", "OGLTest\OGLTest.csproj", "{0CF72424-93EA-40A5-A196-95FD158A180E}"
EndProject
Global
	GlobalSection(SolutionConfigurationPlatforms) = preSolution
		Debug|Any CPU = Debug|Any CPU
		Release|Any CPU = Release|Any CPU
	EndGlobalSection
	GlobalSection(ProjectConfigurationPlatforms) = postSolution
		{0CF72424-93EA-40A5-A196-95FD158A180E}.Debug|Any CPU.ActiveCfg = Debug|Any CPU
		{0CF72424-93EA-40A5-A196-95FD158A180E}.Debug|Any CPU.Build.0 = Debug|Any CPU
		{0CF72424-93EA-40A5-A196-95FD158A180E}.Release|Any CPU.ActiveCfg = Release|Any CPU
		{0CF72424-93EA-40A5-A196-95FD158A180E}.Release|Any CPU.Build.0 = Release|Any CPU
	EndGlobalSection
	GlobalSection(SolutionProperties) = preSolution
		HideSolutionNode = FALSE
	EndGlobalSection
	GlobalSection(ExtensibilityGlobals) = postSolution
		SolutionGuid = {2CC72406-7916-4442-B556-AF982FEC0659}
	EndGlobalSection
EndGlobal
